// !$*UTF8*$!
{
	archiveVersion = 1;
	classes = {
	};
	objectVersion = 55;
	objects = {

/* Begin PBXBuildFile section */
		0FD32D5A285FAFF500F03462 /* AppDelegate.swift in Sources */ = {isa = PBXBuildFile; fileRef = 0FD32D59285FAFF500F03462 /* AppDelegate.swift */; };
		0FD32D5C285FAFF500F03462 /* SceneDelegate.swift in Sources */ = {isa = PBXBuildFile; fileRef = 0FD32D5B285FAFF500F03462 /* SceneDelegate.swift */; };
		0FD32D5E285FAFF500F03462 /* ViewController.swift in Sources */ = {isa = PBXBuildFile; fileRef = 0FD32D5D285FAFF500F03462 /* ViewController.swift */; };
		0FD32D61285FAFF500F03462 /* Main.storyboard in Resources */ = {isa = PBXBuildFile; fileRef = 0FD32D5F285FAFF500F03462 /* Main.storyboard */; };
		0FD32D63285FAFF700F03462 /* Assets.xcassets in Resources */ = {isa = PBXBuildFile; fileRef = 0FD32D62285FAFF700F03462 /* Assets.xcassets */; };
		0FD32D66285FAFF700F03462 /* LaunchScreen.storyboard in Resources */ = {isa = PBXBuildFile; fileRef = 0FD32D64285FAFF700F03462 /* LaunchScreen.storyboard */; };
		0FD32D6F285FB25E00F03462 /* UIView-Shimmer in Frameworks */ = {isa = PBXBuildFile; productRef = 0FD32D6E285FB25E00F03462 /* UIView-Shimmer */; };
		0FD32D72285FB2A100F03462 /* Alamofire in Frameworks */ = {isa = PBXBuildFile; productRef = 0FD32D71285FB2A100F03462 /* Alamofire */; };
		0FD32D7A285FC80200F03462 /* Routable.swift in Sources */ = {isa = PBXBuildFile; fileRef = 0FD32D76285FC80200F03462 /* Routable.swift */; };
		0FD32D7B285FC80200F03462 /* AlamofireClient.swift in Sources */ = {isa = PBXBuildFile; fileRef = 0FD32D78285FC80200F03462 /* AlamofireClient.swift */; };
		0FD32D7C285FC80200F03462 /* BaseAPIClient.swift in Sources */ = {isa = PBXBuildFile; fileRef = 0FD32D79285FC80200F03462 /* BaseAPIClient.swift */; };
		0FD32D83285FC8D500F03462 /* RepoListEndpoint.swift in Sources */ = {isa = PBXBuildFile; fileRef = 0FD32D7F285FC8D500F03462 /* RepoListEndpoint.swift */; };
		0FD32D84285FC8D500F03462 /* RepoListService.swift in Sources */ = {isa = PBXBuildFile; fileRef = 0FD32D80285FC8D500F03462 /* RepoListService.swift */; };
		0FD32D85285FC8D500F03462 /* APIRepoListModel.swift in Sources */ = {isa = PBXBuildFile; fileRef = 0FD32D82285FC8D500F03462 /* APIRepoListModel.swift */; };
		0FD32D87285FCBE500F03462 /* APIRepositoryItem.swift in Sources */ = {isa = PBXBuildFile; fileRef = 0FD32D86285FCBE500F03462 /* APIRepositoryItem.swift */; };
		0FD32D89285FCC9600F03462 /* APIRepoOwner.swift in Sources */ = {isa = PBXBuildFile; fileRef = 0FD32D88285FCC9600F03462 /* APIRepoOwner.swift */; };
		0FD32D8B285FCCF600F03462 /* APIRepoLicense.swift in Sources */ = {isa = PBXBuildFile; fileRef = 0FD32D8A285FCCF600F03462 /* APIRepoLicense.swift */; };
/* End PBXBuildFile section */

/* Begin PBXFileReference section */
		0FD32D56285FAFF500F03462 /* SadaPayDemo.app */ = {isa = PBXFileReference; explicitFileType = wrapper.application; includeInIndex = 0; path = SadaPayDemo.app; sourceTree = BUILT_PRODUCTS_DIR; };
		0FD32D59285FAFF500F03462 /* AppDelegate.swift */ = {isa = PBXFileReference; lastKnownFileType = sourcecode.swift; path = AppDelegate.swift; sourceTree = "<group>"; };
		0FD32D5B285FAFF500F03462 /* SceneDelegate.swift */ = {isa = PBXFileReference; lastKnownFileType = sourcecode.swift; path = SceneDelegate.swift; sourceTree = "<group>"; };
		0FD32D5D285FAFF500F03462 /* ViewController.swift */ = {isa = PBXFileReference; lastKnownFileType = sourcecode.swift; path = ViewController.swift; sourceTree = "<group>"; };
		0FD32D60285FAFF500F03462 /* Base */ = {isa = PBXFileReference; lastKnownFileType = file.storyboard; name = Base; path = Base.lproj/Main.storyboard; sourceTree = "<group>"; };
		0FD32D62285FAFF700F03462 /* Assets.xcassets */ = {isa = PBXFileReference; lastKnownFileType = folder.assetcatalog; path = Assets.xcassets; sourceTree = "<group>"; };
		0FD32D65285FAFF700F03462 /* Base */ = {isa = PBXFileReference; lastKnownFileType = file.storyboard; name = Base; path = Base.lproj/LaunchScreen.storyboard; sourceTree = "<group>"; };
		0FD32D67285FAFF700F03462 /* Info.plist */ = {isa = PBXFileReference; lastKnownFileType = text.plist.xml; path = Info.plist; sourceTree = "<group>"; };
		0FD32D76285FC80200F03462 /* Routable.swift */ = {isa = PBXFileReference; fileEncoding = 4; lastKnownFileType = sourcecode.swift; path = Routable.swift; sourceTree = "<group>"; };
		0FD32D78285FC80200F03462 /* AlamofireClient.swift */ = {isa = PBXFileReference; fileEncoding = 4; lastKnownFileType = sourcecode.swift; path = AlamofireClient.swift; sourceTree = "<group>"; };
		0FD32D79285FC80200F03462 /* BaseAPIClient.swift */ = {isa = PBXFileReference; fileEncoding = 4; lastKnownFileType = sourcecode.swift; path = BaseAPIClient.swift; sourceTree = "<group>"; };
		0FD32D7F285FC8D500F03462 /* RepoListEndpoint.swift */ = {isa = PBXFileReference; fileEncoding = 4; lastKnownFileType = sourcecode.swift; path = RepoListEndpoint.swift; sourceTree = "<group>"; };
		0FD32D80285FC8D500F03462 /* RepoListService.swift */ = {isa = PBXFileReference; fileEncoding = 4; lastKnownFileType = sourcecode.swift; path = RepoListService.swift; sourceTree = "<group>"; };
		0FD32D82285FC8D500F03462 /* APIRepoListModel.swift */ = {isa = PBXFileReference; fileEncoding = 4; lastKnownFileType = sourcecode.swift; path = APIRepoListModel.swift; sourceTree = "<group>"; };
		0FD32D86285FCBE500F03462 /* APIRepositoryItem.swift */ = {isa = PBXFileReference; fileEncoding = 4; lastKnownFileType = sourcecode.swift; path = APIRepositoryItem.swift; sourceTree = "<group>"; };
		0FD32D88285FCC9600F03462 /* APIRepoOwner.swift */ = {isa = PBXFileReference; fileEncoding = 4; lastKnownFileType = sourcecode.swift; path = APIRepoOwner.swift; sourceTree = "<group>"; };
		0FD32D8A285FCCF600F03462 /* APIRepoLicense.swift */ = {isa = PBXFileReference; fileEncoding = 4; lastKnownFileType = sourcecode.swift; path = APIRepoLicense.swift; sourceTree = "<group>"; };
/* End PBXFileReference section */

/* Begin PBXFrameworksBuildPhase section */
		0FD32D53285FAFF500F03462 /* Frameworks */ = {
			isa = PBXFrameworksBuildPhase;
			buildActionMask = 2147483647;
			files = (
				0FD32D6F285FB25E00F03462 /* UIView-Shimmer in Frameworks */,
				0FD32D72285FB2A100F03462 /* Alamofire in Frameworks */,
			);
			runOnlyForDeploymentPostprocessing = 0;
		};
/* End PBXFrameworksBuildPhase section */

/* Begin PBXGroup section */
		0FD32D4D285FAFF500F03462 = {
			isa = PBXGroup;
			children = (
				0FD32D58285FAFF500F03462 /* SadaPayDemo */,
				0FD32D57285FAFF500F03462 /* Products */,
			);
			sourceTree = "<group>";
		};
		0FD32D57285FAFF500F03462 /* Products */ = {
			isa = PBXGroup;
			children = (
				0FD32D56285FAFF500F03462 /* SadaPayDemo.app */,
			);
			name = Products;
			sourceTree = "<group>";
		};
		0FD32D58285FAFF500F03462 /* SadaPayDemo */ = {
			isa = PBXGroup;
			children = (
				0FD32D73285FC79E00F03462 /* Core */,
				0FD32D59285FAFF500F03462 /* AppDelegate.swift */,
				0FD32D5B285FAFF500F03462 /* SceneDelegate.swift */,
				0FD32D5D285FAFF500F03462 /* ViewController.swift */,
				0FD32D5F285FAFF500F03462 /* Main.storyboard */,
				0FD32D62285FAFF700F03462 /* Assets.xcassets */,
				0FD32D64285FAFF700F03462 /* LaunchScreen.storyboard */,
				0FD32D67285FAFF700F03462 /* Info.plist */,
			);
			path = SadaPayDemo;
			sourceTree = "<group>";
		};
		0FD32D73285FC79E00F03462 /* Core */ = {
			isa = PBXGroup;
			children = (
				0FD32D7D285FC8AE00F03462 /* Service */,
				0FD32D74285FC7A500F03462 /* Networking */,
			);
			path = Core;
			sourceTree = "<group>";
		};
		0FD32D74285FC7A500F03462 /* Networking */ = {
			isa = PBXGroup;
			children = (
				0FD32D77285FC80200F03462 /* Client */,
				0FD32D75285FC80200F03462 /* EndPoints */,
			);
			path = Networking;
			sourceTree = "<group>";
		};
		0FD32D75285FC80200F03462 /* EndPoints */ = {
			isa = PBXGroup;
			children = (
				0FD32D76285FC80200F03462 /* Routable.swift */,
			);
			path = EndPoints;
			sourceTree = "<group>";
		};
		0FD32D77285FC80200F03462 /* Client */ = {
			isa = PBXGroup;
			children = (
				0FD32D78285FC80200F03462 /* AlamofireClient.swift */,
				0FD32D79285FC80200F03462 /* BaseAPIClient.swift */,
			);
			path = Client;
			sourceTree = "<group>";
		};
		0FD32D7D285FC8AE00F03462 /* Service */ = {
			isa = PBXGroup;
			children = (
				0FD32D7E285FC8D500F03462 /* RepoList */,
			);
			path = Service;
			sourceTree = "<group>";
		};
		0FD32D7E285FC8D500F03462 /* RepoList */ = {
			isa = PBXGroup;
			children = (
				0FD32D7F285FC8D500F03462 /* RepoListEndpoint.swift */,
				0FD32D80285FC8D500F03462 /* RepoListService.swift */,
				0FD32D81285FC8D500F03462 /* APIModels */,
			);
			path = RepoList;
			sourceTree = "<group>";
		};
		0FD32D81285FC8D500F03462 /* APIModels */ = {
			isa = PBXGroup;
			children = (
				0FD32D82285FC8D500F03462 /* APIRepoListModel.swift */,
				0FD32D86285FCBE500F03462 /* APIRepositoryItem.swift */,
				0FD32D88285FCC9600F03462 /* APIRepoOwner.swift */,
				0FD32D8A285FCCF600F03462 /* APIRepoLicense.swift */,
			);
			path = APIModels;
			sourceTree = "<group>";
		};
/* End PBXGroup section */

/* Begin PBXNativeTarget section */
		0FD32D55285FAFF500F03462 /* SadaPayDemo */ = {
			isa = PBXNativeTarget;
			buildConfigurationList = 0FD32D6A285FAFF700F03462 /* Build configuration list for PBXNativeTarget "SadaPayDemo" */;
			buildPhases = (
				0FD32D52285FAFF500F03462 /* Sources */,
				0FD32D53285FAFF500F03462 /* Frameworks */,
				0FD32D54285FAFF500F03462 /* Resources */,
			);
			buildRules = (
			);
			dependencies = (
			);
			name = SadaPayDemo;
			packageProductDependencies = (
				0FD32D6E285FB25E00F03462 /* UIView-Shimmer */,
				0FD32D71285FB2A100F03462 /* Alamofire */,
			);
			productName = SadaPayDemo;
			productReference = 0FD32D56285FAFF500F03462 /* SadaPayDemo.app */;
			productType = "com.apple.product-type.application";
		};
/* End PBXNativeTarget section */

/* Begin PBXProject section */
		0FD32D4E285FAFF500F03462 /* Project object */ = {
			isa = PBXProject;
			attributes = {
				BuildIndependentTargetsInParallel = 1;
				LastSwiftUpdateCheck = 1330;
				LastUpgradeCheck = 1330;
				TargetAttributes = {
					0FD32D55285FAFF500F03462 = {
						CreatedOnToolsVersion = 13.3.1;
					};
				};
			};
			buildConfigurationList = 0FD32D51285FAFF500F03462 /* Build configuration list for PBXProject "SadaPayDemo" */;
			compatibilityVersion = "Xcode 13.0";
			developmentRegion = en;
			hasScannedForEncodings = 0;
			knownRegions = (
				en,
				Base,
			);
			mainGroup = 0FD32D4D285FAFF500F03462;
			packageReferences = (
				0FD32D6D285FB25E00F03462 /* XCRemoteSwiftPackageReference "UIView-Shimmer" */,
				0FD32D70285FB2A100F03462 /* XCRemoteSwiftPackageReference "Alamofire" */,
			);
			productRefGroup = 0FD32D57285FAFF500F03462 /* Products */;
			projectDirPath = "";
			projectRoot = "";
			targets = (
				0FD32D55285FAFF500F03462 /* SadaPayDemo */,
			);
		};
/* End PBXProject section */

/* Begin PBXResourcesBuildPhase section */
		0FD32D54285FAFF500F03462 /* Resources */ = {
			isa = PBXResourcesBuildPhase;
			buildActionMask = 2147483647;
			files = (
				0FD32D66285FAFF700F03462 /* LaunchScreen.storyboard in Resources */,
				0FD32D63285FAFF700F03462 /* Assets.xcassets in Resources */,
				0FD32D61285FAFF500F03462 /* Main.storyboard in Resources */,
			);
			runOnlyForDeploymentPostprocessing = 0;
		};
/* End PBXResourcesBuildPhase section */

/* Begin PBXSourcesBuildPhase section */
		0FD32D52285FAFF500F03462 /* Sources */ = {
			isa = PBXSourcesBuildPhase;
			buildActionMask = 2147483647;
			files = (
				0FD32D5E285FAFF500F03462 /* ViewController.swift in Sources */,
				0FD32D5A285FAFF500F03462 /* AppDelegate.swift in Sources */,
				0FD32D7C285FC80200F03462 /* BaseAPIClient.swift in Sources */,
				0FD32D83285FC8D500F03462 /* RepoListEndpoint.swift in Sources */,
				0FD32D7B285FC80200F03462 /* AlamofireClient.swift in Sources */,
				0FD32D85285FC8D500F03462 /* APIRepoListModel.swift in Sources */,
				0FD32D87285FCBE500F03462 /* APIRepositoryItem.swift in Sources */,
				0FD32D84285FC8D500F03462 /* RepoListService.swift in Sources */,
				0FD32D89285FCC9600F03462 /* APIRepoOwner.swift in Sources */,
				0FD32D5C285FAFF500F03462 /* SceneDelegate.swift in Sources */,
				0FD32D7A285FC80200F03462 /* Routable.swift in Sources */,
				0FD32D8B285FCCF600F03462 /* APIRepoLicense.swift in Sources */,
			);
			runOnlyForDeploymentPostprocessing = 0;
		};
/* End PBXSourcesBuildPhase section */

/* Begin PBXVariantGroup section */
		0FD32D5F285FAFF500F03462 /* Main.storyboard */ = {
			isa = PBXVariantGroup;
			children = (
				0FD32D60285FAFF500F03462 /* Base */,
			);
			name = Main.storyboard;
			sourceTree = "<group>";
		};
		0FD32D64285FAFF700F03462 /* LaunchScreen.storyboard */ = {
			isa = PBXVariantGroup;
			children = (
				0FD32D65285FAFF700F03462 /* Base */,
			);
			name = LaunchScreen.storyboard;
			sourceTree = "<group>";
		};
/* End PBXVariantGroup section */

/* Begin XCBuildConfiguration section */
		0FD32D68285FAFF700F03462 /* Debug */ = {
			isa = XCBuildConfiguration;
			buildSettings = {
				ALWAYS_SEARCH_USER_PATHS = NO;
				CLANG_ANALYZER_NONNULL = YES;
				CLANG_ANALYZER_NUMBER_OBJECT_CONVERSION = YES_AGGRESSIVE;
				CLANG_CXX_LANGUAGE_STANDARD = "gnu++17";
				CLANG_ENABLE_MODULES = YES;
				CLANG_ENABLE_OBJC_ARC = YES;
				CLANG_ENABLE_OBJC_WEAK = YES;
				CLANG_WARN_BLOCK_CAPTURE_AUTORELEASING = YES;
				CLANG_WARN_BOOL_CONVERSION = YES;
				CLANG_WARN_COMMA = YES;
				CLANG_WARN_CONSTANT_CONVERSION = YES;
				CLANG_WARN_DEPRECATED_OBJC_IMPLEMENTATIONS = YES;
				CLANG_WARN_DIRECT_OBJC_ISA_USAGE = YES_ERROR;
				CLANG_WARN_DOCUMENTATION_COMMENTS = YES;
				CLANG_WARN_EMPTY_BODY = YES;
				CLANG_WARN_ENUM_CONVERSION = YES;
				CLANG_WARN_INFINITE_RECURSION = YES;
				CLANG_WARN_INT_CONVERSION = YES;
				CLANG_WARN_NON_LITERAL_NULL_CONVERSION = YES;
				CLANG_WARN_OBJC_IMPLICIT_RETAIN_SELF = YES;
				CLANG_WARN_OBJC_LITERAL_CONVERSION = YES;
				CLANG_WARN_OBJC_ROOT_CLASS = YES_ERROR;
				CLANG_WARN_QUOTED_INCLUDE_IN_FRAMEWORK_HEADER = YES;
				CLANG_WARN_RANGE_LOOP_ANALYSIS = YES;
				CLANG_WARN_STRICT_PROTOTYPES = YES;
				CLANG_WARN_SUSPICIOUS_MOVE = YES;
				CLANG_WARN_UNGUARDED_AVAILABILITY = YES_AGGRESSIVE;
				CLANG_WARN_UNREACHABLE_CODE = YES;
				CLANG_WARN__DUPLICATE_METHOD_MATCH = YES;
				COPY_PHASE_STRIP = NO;
				DEBUG_INFORMATION_FORMAT = dwarf;
				ENABLE_STRICT_OBJC_MSGSEND = YES;
				ENABLE_TESTABILITY = YES;
				GCC_C_LANGUAGE_STANDARD = gnu11;
				GCC_DYNAMIC_NO_PIC = NO;
				GCC_NO_COMMON_BLOCKS = YES;
				GCC_OPTIMIZATION_LEVEL = 0;
				GCC_PREPROCESSOR_DEFINITIONS = (
					"DEBUG=1",
					"$(inherited)",
				);
				GCC_WARN_64_TO_32_BIT_CONVERSION = YES;
				GCC_WARN_ABOUT_RETURN_TYPE = YES_ERROR;
				GCC_WARN_UNDECLARED_SELECTOR = YES;
				GCC_WARN_UNINITIALIZED_AUTOS = YES_AGGRESSIVE;
				GCC_WARN_UNUSED_FUNCTION = YES;
				GCC_WARN_UNUSED_VARIABLE = YES;
				IPHONEOS_DEPLOYMENT_TARGET = 15.4;
				MTL_ENABLE_DEBUG_INFO = INCLUDE_SOURCE;
				MTL_FAST_MATH = YES;
				ONLY_ACTIVE_ARCH = YES;
				SDKROOT = iphoneos;
				SWIFT_ACTIVE_COMPILATION_CONDITIONS = DEBUG;
				SWIFT_OPTIMIZATION_LEVEL = "-Onone";
			};
			name = Debug;
		};
		0FD32D69285FAFF700F03462 /* Release */ = {
			isa = XCBuildConfiguration;
			buildSettings = {
				ALWAYS_SEARCH_USER_PATHS = NO;
				CLANG_ANALYZER_NONNULL = YES;
				CLANG_ANALYZER_NUMBER_OBJECT_CONVERSION = YES_AGGRESSIVE;
				CLANG_CXX_LANGUAGE_STANDARD = "gnu++17";
				CLANG_ENABLE_MODULES = YES;
				CLANG_ENABLE_OBJC_ARC = YES;
				CLANG_ENABLE_OBJC_WEAK = YES;
				CLANG_WARN_BLOCK_CAPTURE_AUTORELEASING = YES;
				CLANG_WARN_BOOL_CONVERSION = YES;
				CLANG_WARN_COMMA = YES;
				CLANG_WARN_CONSTANT_CONVERSION = YES;
				CLANG_WARN_DEPRECATED_OBJC_IMPLEMENTATIONS = YES;
				CLANG_WARN_DIRECT_OBJC_ISA_USAGE = YES_ERROR;
				CLANG_WARN_DOCUMENTATION_COMMENTS = YES;
				CLANG_WARN_EMPTY_BODY = YES;
				CLANG_WARN_ENUM_CONVERSION = YES;
				CLANG_WARN_INFINITE_RECURSION = YES;
				CLANG_WARN_INT_CONVERSION = YES;
				CLANG_WARN_NON_LITERAL_NULL_CONVERSION = YES;
				CLANG_WARN_OBJC_IMPLICIT_RETAIN_SELF = YES;
				CLANG_WARN_OBJC_LITERAL_CONVERSION = YES;
				CLANG_WARN_OBJC_ROOT_CLASS = YES_ERROR;
				CLANG_WARN_QUOTED_INCLUDE_IN_FRAMEWORK_HEADER = YES;
				CLANG_WARN_RANGE_LOOP_ANALYSIS = YES;
				CLANG_WARN_STRICT_PROTOTYPES = YES;
				CLANG_WARN_SUSPICIOUS_MOVE = YES;
				CLANG_WARN_UNGUARDED_AVAILABILITY = YES_AGGRESSIVE;
				CLANG_WARN_UNREACHABLE_CODE = YES;
				CLANG_WARN__DUPLICATE_METHOD_MATCH = YES;
				COPY_PHASE_STRIP = NO;
				DEBUG_INFORMATION_FORMAT = "dwarf-with-dsym";
				ENABLE_NS_ASSERTIONS = NO;
				ENABLE_STRICT_OBJC_MSGSEND = YES;
				GCC_C_LANGUAGE_STANDARD = gnu11;
				GCC_NO_COMMON_BLOCKS = YES;
				GCC_WARN_64_TO_32_BIT_CONVERSION = YES;
				GCC_WARN_ABOUT_RETURN_TYPE = YES_ERROR;
				GCC_WARN_UNDECLARED_SELECTOR = YES;
				GCC_WARN_UNINITIALIZED_AUTOS = YES_AGGRESSIVE;
				GCC_WARN_UNUSED_FUNCTION = YES;
				GCC_WARN_UNUSED_VARIABLE = YES;
				IPHONEOS_DEPLOYMENT_TARGET = 15.4;
				MTL_ENABLE_DEBUG_INFO = NO;
				MTL_FAST_MATH = YES;
				SDKROOT = iphoneos;
				SWIFT_COMPILATION_MODE = wholemodule;
				SWIFT_OPTIMIZATION_LEVEL = "-O";
				VALIDATE_PRODUCT = YES;
			};
			name = Release;
		};
		0FD32D6B285FAFF700F03462 /* Debug */ = {
			isa = XCBuildConfiguration;
			buildSettings = {
				ASSETCATALOG_COMPILER_APPICON_NAME = AppIcon;
				ASSETCATALOG_COMPILER_GLOBAL_ACCENT_COLOR_NAME = AccentColor;
				CODE_SIGN_STYLE = Automatic;
				CURRENT_PROJECT_VERSION = 1;
				DEVELOPMENT_TEAM = X363N4R9JN;
				GENERATE_INFOPLIST_FILE = YES;
				INFOPLIST_FILE = SadaPayDemo/Info.plist;
				INFOPLIST_KEY_UIApplicationSupportsIndirectInputEvents = YES;
				INFOPLIST_KEY_UILaunchStoryboardName = LaunchScreen;
				INFOPLIST_KEY_UIMainStoryboardFile = Main;
				INFOPLIST_KEY_UISupportedInterfaceOrientations_iPad = "UIInterfaceOrientationPortrait UIInterfaceOrientationPortraitUpsideDown UIInterfaceOrientationLandscapeLeft UIInterfaceOrientationLandscapeRight";
				INFOPLIST_KEY_UISupportedInterfaceOrientations_iPhone = "UIInterfaceOrientationPortrait UIInterfaceOrientationLandscapeLeft UIInterfaceOrientationLandscapeRight";
				IPHONEOS_DEPLOYMENT_TARGET = 13.0;
				LD_RUNPATH_SEARCH_PATHS = (
					"$(inherited)",
					"@executable_path/Frameworks",
				);
				MARKETING_VERSION = 1.0;
				PRODUCT_BUNDLE_IDENTIFIER = com.SadaPayDemo;
				PRODUCT_NAME = "$(TARGET_NAME)";
				SWIFT_EMIT_LOC_STRINGS = YES;
				SWIFT_VERSION = 5.0;
				TARGETED_DEVICE_FAMILY = "1,2";
			};
			name = Debug;
		};
		0FD32D6C285FAFF700F03462 /* Release */ = {
			isa = XCBuildConfiguration;
			buildSettings = {
				ASSETCATALOG_COMPILER_APPICON_NAME = AppIcon;
				ASSETCATALOG_COMPILER_GLOBAL_ACCENT_COLOR_NAME = AccentColor;
				CODE_SIGN_STYLE = Automatic;
				CURRENT_PROJECT_VERSION = 1;
				DEVELOPMENT_TEAM = X363N4R9JN;
				GENERATE_INFOPLIST_FILE = YES;
				INFOPLIST_FILE = SadaPayDemo/Info.plist;
				INFOPLIST_KEY_UIApplicationSupportsIndirectInputEvents = YES;
				INFOPLIST_KEY_UILaunchStoryboardName = LaunchScreen;
				INFOPLIST_KEY_UIMainStoryboardFile = Main;
				INFOPLIST_KEY_UISupportedInterfaceOrientations_iPad = "UIInterfaceOrientationPortrait UIInterfaceOrientationPortraitUpsideDown UIInterfaceOrientationLandscapeLeft UIInterfaceOrientationLandscapeRight";
				INFOPLIST_KEY_UISupportedInterfaceOrientations_iPhone = "UIInterfaceOrientationPortrait UIInterfaceOrientationLandscapeLeft UIInterfaceOrientationLandscapeRight";
				IPHONEOS_DEPLOYMENT_TARGET = 13.0;
				LD_RUNPATH_SEARCH_PATHS = (
					"$(inherited)",
					"@executable_path/Frameworks",
				);
				MARKETING_VERSION = 1.0;
				PRODUCT_BUNDLE_IDENTIFIER = com.SadaPayDemo;
				PRODUCT_NAME = "$(TARGET_NAME)";
				SWIFT_EMIT_LOC_STRINGS = YES;
				SWIFT_VERSION = 5.0;
				TARGETED_DEVICE_FAMILY = "1,2";
			};
			name = Release;
		};
/* End XCBuildConfiguration section */

/* Begin XCConfigurationList section */
		0FD32D51285FAFF500F03462 /* Build configuration list for PBXProject "SadaPayDemo" */ = {
			isa = XCConfigurationList;
			buildConfigurations = (
				0FD32D68285FAFF700F03462 /* Debug */,
				0FD32D69285FAFF700F03462 /* Release */,
			);
			defaultConfigurationIsVisible = 0;
			defaultConfigurationName = Release;
		};
		0FD32D6A285FAFF700F03462 /* Build configuration list for PBXNativeTarget "SadaPayDemo" */ = {
			isa = XCConfigurationList;
			buildConfigurations = (
				0FD32D6B285FAFF700F03462 /* Debug */,
				0FD32D6C285FAFF700F03462 /* Release */,
			);
			defaultConfigurationIsVisible = 0;
			defaultConfigurationName = Release;
		};
/* End XCConfigurationList section */

/* Begin XCRemoteSwiftPackageReference section */
		0FD32D6D285FB25E00F03462 /* XCRemoteSwiftPackageReference "UIView-Shimmer" */ = {
			isa = XCRemoteSwiftPackageReference;
			repositoryURL = "https://github.com/omerfarukozturk/UIView-Shimmer.git";
			requirement = {
				kind = upToNextMajorVersion;
				minimumVersion = 1.0.0;
			};
		};
		0FD32D70285FB2A100F03462 /* XCRemoteSwiftPackageReference "Alamofire" */ = {
			isa = XCRemoteSwiftPackageReference;
			repositoryURL = "https://github.com/Alamofire/Alamofire.git";
			requirement = {
				branch = master;
				kind = branch;
			};
		};
/* End XCRemoteSwiftPackageReference section */

/* Begin XCSwiftPackageProductDependency section */
		0FD32D6E285FB25E00F03462 /* UIView-Shimmer */ = {
			isa = XCSwiftPackageProductDependency;
			package = 0FD32D6D285FB25E00F03462 /* XCRemoteSwiftPackageReference "UIView-Shimmer" */;
			productName = "UIView-Shimmer";
		};
		0FD32D71285FB2A100F03462 /* Alamofire */ = {
			isa = XCSwiftPackageProductDependency;
			package = 0FD32D70285FB2A100F03462 /* XCRemoteSwiftPackageReference "Alamofire" */;
			productName = Alamofire;
		};
/* End XCSwiftPackageProductDependency section */
	};
	rootObject = 0FD32D4E285FAFF500F03462 /* Project object */;
}
